{
  "originHash" : "7ba9f219bef5eebde3a74d5f0626da05cf2ec10fe78928727f9e2db94b6b1184",
  "pins" : [
    {
      "identity" : "cczukit",
      "kind" : "remoteSourceControl",
      "location" : "https://github.com/RayanceKing/CCZUKit",
      "state" : {
        "branch" : "main",
        "revision" : "fc92051a21d53449360a3f56c3153a61351e0c8d"
      }
    }
  ],
  "version" : 3
}
