{
  "originHash" : "7ba9f219bef5eebde3a74d5f0626da05cf2ec10fe78928727f9e2db94b6b1184",
  "pins" : [
    {
      "identity" : "cczukit",
      "kind" : "remoteSourceControl",
      "location" : "https://github.com/RayanceKing/CCZUKit",
      "state" : {
        "branch" : "main",
        "revision" : "3a5496999f9a189e7b4bf1f5d84af731de5454f9"
      }
    }
  ],
  "version" : 3
}
