{
  "originHash" : "64d89df9e118d3fc1534baaf1ebcd8f7609aabded9aac404b6d8233f2a192eec",
  "pins" : [
    {
      "identity" : "cczukit",
      "kind" : "remoteSourceControl",
      "location" : "https://github.com/RayanceKing/CCZUKit",
      "state" : {
        "branch" : "main",
        "revision" : "481ba6ad1aee1f1aef03038e2ce9e100c05730fe"
      }
    },
    {
      "identity" : "teahousekit",
      "kind" : "remoteSourceControl",
      "location" : "https://github.com/RayanceKing/TeahouseKit",
      "state" : {
        "branch" : "main",
        "revision" : "14c51435969a9d281d8e48a38bd64da679631b73"
      }
    }
  ],
  "version" : 3
}
